// !$*UTF8*$!
{
	archiveVersion = 1;
	classes = {
	};
	objectVersion = 50;
	objects = {

/* Begin PBXBuildFile section */
		643F403524220BCB0009B4FB /* AddTransactionViewController.swift in Sources */ = {isa = PBXBuildFile; fileRef = 643F403424220BCB0009B4FB /* AddTransactionViewController.swift */; };
		643F403724220C190009B4FB /* AddTransactionRouter.swift in Sources */ = {isa = PBXBuildFile; fileRef = 643F403624220C190009B4FB /* AddTransactionRouter.swift */; };
		6454A6D9241CF31F0007C965 /* AppDelegate.swift in Sources */ = {isa = PBXBuildFile; fileRef = 6454A6D8241CF31F0007C965 /* AppDelegate.swift */; };
		6454A6E3241CF31F0007C965 /* SilvertoursChallenge.xcdatamodeld in Sources */ = {isa = PBXBuildFile; fileRef = 6454A6E1241CF31F0007C965 /* SilvertoursChallenge.xcdatamodeld */; };
		6454A6E5241CF3240007C965 /* Assets.xcassets in Resources */ = {isa = PBXBuildFile; fileRef = 6454A6E4241CF3240007C965 /* Assets.xcassets */; };
		6454A6E8241CF3240007C965 /* LaunchScreen.storyboard in Resources */ = {isa = PBXBuildFile; fileRef = 6454A6E6241CF3240007C965 /* LaunchScreen.storyboard */; };
		6454A6F3241CF3240007C965 /* TransactionsListModuleTests.swift in Sources */ = {isa = PBXBuildFile; fileRef = 6454A6F2241CF3240007C965 /* TransactionsListModuleTests.swift */; };
		6454A716241CFAE60007C965 /* TransactionsListViewController.swift in Sources */ = {isa = PBXBuildFile; fileRef = 6454A715241CFAE60007C965 /* TransactionsListViewController.swift */; };
		6454A719241CFB6B0007C965 /* TransactionsListPresenter.swift in Sources */ = {isa = PBXBuildFile; fileRef = 6454A718241CFB6B0007C965 /* TransactionsListPresenter.swift */; };
		6454A71E241D01CD0007C965 /* TransactionsListInteractor.swift in Sources */ = {isa = PBXBuildFile; fileRef = 6454A71D241D01CD0007C965 /* TransactionsListInteractor.swift */; };
		6454A722241D035E0007C965 /* TransactionsListRouter.swift in Sources */ = {isa = PBXBuildFile; fileRef = 6454A721241D035E0007C965 /* TransactionsListRouter.swift */; };
		6454A729241D4A6A0007C965 /* TransactionTableViewCell.swift in Sources */ = {isa = PBXBuildFile; fileRef = 6454A728241D4A6A0007C965 /* TransactionTableViewCell.swift */; };
		6454A72B241D5B120007C965 /* SceneDelegate.swift in Sources */ = {isa = PBXBuildFile; fileRef = 6454A72A241D5B120007C965 /* SceneDelegate.swift */; };
		64A07E1424228D98004EEE05 /* AddTransactionPresenter.swift in Sources */ = {isa = PBXBuildFile; fileRef = 64A07E1324228D98004EEE05 /* AddTransactionPresenter.swift */; };
		64A07E1624228DB8004EEE05 /* AddTransactionInteractor.swift in Sources */ = {isa = PBXBuildFile; fileRef = 64A07E1524228DB8004EEE05 /* AddTransactionInteractor.swift */; };
		64A07E192422A4D8004EEE05 /* TransactionHeaderView.swift in Sources */ = {isa = PBXBuildFile; fileRef = 64A07E182422A4D8004EEE05 /* TransactionHeaderView.swift */; };
		64A07E1B2422DD30004EEE05 /* AddTransactionView.swift in Sources */ = {isa = PBXBuildFile; fileRef = 64A07E1A2422DD30004EEE05 /* AddTransactionView.swift */; };
		64A07E1D2422E191004EEE05 /* TransactionsListTableView.swift in Sources */ = {isa = PBXBuildFile; fileRef = 64A07E1C2422E191004EEE05 /* TransactionsListTableView.swift */; };
		64A07E1F2423784F004EEE05 /* Repository.swift in Sources */ = {isa = PBXBuildFile; fileRef = 64A07E1E2423784F004EEE05 /* Repository.swift */; };
		64A07E2124237875004EEE05 /* AccountDataRepository.swift in Sources */ = {isa = PBXBuildFile; fileRef = 64A07E2024237875004EEE05 /* AccountDataRepository.swift */; };
		64A07E23242385D9004EEE05 /* Account.swift in Sources */ = {isa = PBXBuildFile; fileRef = 64A07E22242385D9004EEE05 /* Account.swift */; };
		64A07E252423861C004EEE05 /* Transaction.swift in Sources */ = {isa = PBXBuildFile; fileRef = 64A07E242423861C004EEE05 /* Transaction.swift */; };
		64A07E2724238B70004EEE05 /* Category.swift in Sources */ = {isa = PBXBuildFile; fileRef = 64A07E2624238B70004EEE05 /* Category.swift */; };
		64A07E2A2423D84E004EEE05 /* TransactionsPickerView.swift in Sources */ = {isa = PBXBuildFile; fileRef = 64A07E292423D84E004EEE05 /* TransactionsPickerView.swift */; };
/* End PBXBuildFile section */

/* Begin PBXContainerItemProxy section */
		6454A6EF241CF3240007C965 /* PBXContainerItemProxy */ = {
			isa = PBXContainerItemProxy;
			containerPortal = 6454A6CD241CF31F0007C965 /* Project object */;
			proxyType = 1;
			remoteGlobalIDString = 6454A6D4241CF31F0007C965;
			remoteInfo = SilvertoursChallenge;
		};
		6454A6FA241CF3240007C965 /* PBXContainerItemProxy */ = {
			isa = PBXContainerItemProxy;
			containerPortal = 6454A6CD241CF31F0007C965 /* Project object */;
			proxyType = 1;
			remoteGlobalIDString = 6454A6D4241CF31F0007C965;
			remoteInfo = SilvertoursChallenge;
		};
/* End PBXContainerItemProxy section */

/* Begin PBXFileReference section */
		643F403424220BCB0009B4FB /* AddTransactionViewController.swift */ = {isa = PBXFileReference; lastKnownFileType = sourcecode.swift; path = AddTransactionViewController.swift; sourceTree = "<group>"; };
		643F403624220C190009B4FB /* AddTransactionRouter.swift */ = {isa = PBXFileReference; lastKnownFileType = sourcecode.swift; path = AddTransactionRouter.swift; sourceTree = "<group>"; };
		6454A6D5241CF31F0007C965 /* SilvertoursChallenge.app */ = {isa = PBXFileReference; explicitFileType = wrapper.application; includeInIndex = 0; path = SilvertoursChallenge.app; sourceTree = BUILT_PRODUCTS_DIR; };
		6454A6D8241CF31F0007C965 /* AppDelegate.swift */ = {isa = PBXFileReference; lastKnownFileType = sourcecode.swift; path = AppDelegate.swift; sourceTree = "<group>"; };
		6454A6E2241CF31F0007C965 /* SilvertoursChallenge.xcdatamodel */ = {isa = PBXFileReference; lastKnownFileType = wrapper.xcdatamodel; path = SilvertoursChallenge.xcdatamodel; sourceTree = "<group>"; };
		6454A6E4241CF3240007C965 /* Assets.xcassets */ = {isa = PBXFileReference; lastKnownFileType = folder.assetcatalog; path = Assets.xcassets; sourceTree = "<group>"; };
		6454A6E7241CF3240007C965 /* Base */ = {isa = PBXFileReference; lastKnownFileType = file.storyboard; name = Base; path = Base.lproj/LaunchScreen.storyboard; sourceTree = "<group>"; };
		6454A6E9241CF3240007C965 /* Info.plist */ = {isa = PBXFileReference; lastKnownFileType = text.plist.xml; path = Info.plist; sourceTree = "<group>"; };
		6454A6EE241CF3240007C965 /* SilvertoursChallengeTests.xctest */ = {isa = PBXFileReference; explicitFileType = wrapper.cfbundle; includeInIndex = 0; path = SilvertoursChallengeTests.xctest; sourceTree = BUILT_PRODUCTS_DIR; };
		6454A6F2241CF3240007C965 /* TransactionsListModuleTests.swift */ = {isa = PBXFileReference; lastKnownFileType = sourcecode.swift; path = TransactionsListModuleTests.swift; sourceTree = "<group>"; };
		6454A6F4241CF3240007C965 /* Info.plist */ = {isa = PBXFileReference; lastKnownFileType = text.plist.xml; path = Info.plist; sourceTree = "<group>"; };
		6454A6F9241CF3240007C965 /* SilvertoursChallengeUITests.xctest */ = {isa = PBXFileReference; explicitFileType = wrapper.cfbundle; includeInIndex = 0; path = SilvertoursChallengeUITests.xctest; sourceTree = BUILT_PRODUCTS_DIR; };
		6454A715241CFAE60007C965 /* TransactionsListViewController.swift */ = {isa = PBXFileReference; lastKnownFileType = sourcecode.swift; path = TransactionsListViewController.swift; sourceTree = "<group>"; };
		6454A718241CFB6B0007C965 /* TransactionsListPresenter.swift */ = {isa = PBXFileReference; lastKnownFileType = sourcecode.swift; path = TransactionsListPresenter.swift; sourceTree = "<group>"; };
		6454A71D241D01CD0007C965 /* TransactionsListInteractor.swift */ = {isa = PBXFileReference; lastKnownFileType = sourcecode.swift; path = TransactionsListInteractor.swift; sourceTree = "<group>"; };
		6454A721241D035E0007C965 /* TransactionsListRouter.swift */ = {isa = PBXFileReference; lastKnownFileType = sourcecode.swift; path = TransactionsListRouter.swift; sourceTree = "<group>"; };
		6454A728241D4A6A0007C965 /* TransactionTableViewCell.swift */ = {isa = PBXFileReference; lastKnownFileType = sourcecode.swift; path = TransactionTableViewCell.swift; sourceTree = "<group>"; };
		6454A72A241D5B120007C965 /* SceneDelegate.swift */ = {isa = PBXFileReference; fileEncoding = 4; lastKnownFileType = sourcecode.swift; path = SceneDelegate.swift; sourceTree = "<group>"; };
		64A07E1324228D98004EEE05 /* AddTransactionPresenter.swift */ = {isa = PBXFileReference; lastKnownFileType = sourcecode.swift; path = AddTransactionPresenter.swift; sourceTree = "<group>"; };
		64A07E1524228DB8004EEE05 /* AddTransactionInteractor.swift */ = {isa = PBXFileReference; lastKnownFileType = sourcecode.swift; path = AddTransactionInteractor.swift; sourceTree = "<group>"; };
		64A07E182422A4D8004EEE05 /* TransactionHeaderView.swift */ = {isa = PBXFileReference; lastKnownFileType = sourcecode.swift; path = TransactionHeaderView.swift; sourceTree = "<group>"; };
		64A07E1A2422DD30004EEE05 /* AddTransactionView.swift */ = {isa = PBXFileReference; lastKnownFileType = sourcecode.swift; path = AddTransactionView.swift; sourceTree = "<group>"; };
		64A07E1C2422E191004EEE05 /* TransactionsListTableView.swift */ = {isa = PBXFileReference; lastKnownFileType = sourcecode.swift; path = TransactionsListTableView.swift; sourceTree = "<group>"; };
		64A07E1E2423784F004EEE05 /* Repository.swift */ = {isa = PBXFileReference; lastKnownFileType = sourcecode.swift; path = Repository.swift; sourceTree = "<group>"; };
		64A07E2024237875004EEE05 /* AccountDataRepository.swift */ = {isa = PBXFileReference; lastKnownFileType = sourcecode.swift; path = AccountDataRepository.swift; sourceTree = "<group>"; };
		64A07E22242385D9004EEE05 /* Account.swift */ = {isa = PBXFileReference; lastKnownFileType = sourcecode.swift; path = Account.swift; sourceTree = "<group>"; };
		64A07E242423861C004EEE05 /* Transaction.swift */ = {isa = PBXFileReference; lastKnownFileType = sourcecode.swift; path = Transaction.swift; sourceTree = "<group>"; };
		64A07E2624238B70004EEE05 /* Category.swift */ = {isa = PBXFileReference; lastKnownFileType = sourcecode.swift; path = Category.swift; sourceTree = "<group>"; };
		64A07E292423D84E004EEE05 /* TransactionsPickerView.swift */ = {isa = PBXFileReference; lastKnownFileType = sourcecode.swift; path = TransactionsPickerView.swift; sourceTree = "<group>"; };
/* End PBXFileReference section */

/* Begin PBXFrameworksBuildPhase section */
		6454A6D2241CF31F0007C965 /* Frameworks */ = {
			isa = PBXFrameworksBuildPhase;
			buildActionMask = 2147483647;
			files = (
			);
			runOnlyForDeploymentPostprocessing = 0;
		};
		6454A6EB241CF3240007C965 /* Frameworks */ = {
			isa = PBXFrameworksBuildPhase;
			buildActionMask = 2147483647;
			files = (
			);
			runOnlyForDeploymentPostprocessing = 0;
		};
		6454A6F6241CF3240007C965 /* Frameworks */ = {
			isa = PBXFrameworksBuildPhase;
			buildActionMask = 2147483647;
			files = (
			);
			runOnlyForDeploymentPostprocessing = 0;
		};
/* End PBXFrameworksBuildPhase section */

/* Begin PBXGroup section */
		6454A6CC241CF31F0007C965 = {
			isa = PBXGroup;
			children = (
				6454A6D7241CF31F0007C965 /* SilvertoursChallenge */,
				6454A6F1241CF3240007C965 /* SilvertoursChallengeTests */,
				6454A6D6241CF31F0007C965 /* Products */,
			);
			sourceTree = "<group>";
		};
		6454A6D6241CF31F0007C965 /* Products */ = {
			isa = PBXGroup;
			children = (
				6454A6D5241CF31F0007C965 /* SilvertoursChallenge.app */,
				6454A6EE241CF3240007C965 /* SilvertoursChallengeTests.xctest */,
				6454A6F9241CF3240007C965 /* SilvertoursChallengeUITests.xctest */,
			);
			name = Products;
			sourceTree = "<group>";
		};
		6454A6D7241CF31F0007C965 /* SilvertoursChallenge */ = {
			isa = PBXGroup;
			children = (
				6454A6D8241CF31F0007C965 /* AppDelegate.swift */,
				6454A72A241D5B120007C965 /* SceneDelegate.swift */,
				6454A711241CF7510007C965 /* Repositories */,
				6454A712241CF7700007C965 /* Routers */,
				6454A71A241D01780007C965 /* Interactors */,
				6454A717241CFB480007C965 /* Presenters */,
				6454A70B241CF4BA0007C965 /* UI */,
				6454A713241CF7E90007C965 /* Resources */,
				6454A724241D08A50007C965 /* Data */,
			);
			path = SilvertoursChallenge;
			sourceTree = "<group>";
		};
		6454A6F1241CF3240007C965 /* SilvertoursChallengeTests */ = {
			isa = PBXGroup;
			children = (
				6454A6F2241CF3240007C965 /* TransactionsListModuleTests.swift */,
				6454A6F4241CF3240007C965 /* Info.plist */,
			);
			path = SilvertoursChallengeTests;
			sourceTree = "<group>";
		};
		6454A70B241CF4BA0007C965 /* UI */ = {
			isa = PBXGroup;
			children = (
				6454A70E241CF6560007C965 /* Screens */,
				6454A70F241CF6720007C965 /* Components */,
			);
			path = UI;
			sourceTree = "<group>";
		};
		6454A70C241CF5340007C965 /* Views */ = {
			isa = PBXGroup;
			children = (
				64A07E1C2422E191004EEE05 /* TransactionsListTableView.swift */,
				64A07E1A2422DD30004EEE05 /* AddTransactionView.swift */,
			);
			path = Views;
			sourceTree = "<group>";
		};
		6454A70D241CF5450007C965 /* Cells */ = {
			isa = PBXGroup;
			children = (
				6454A728241D4A6A0007C965 /* TransactionTableViewCell.swift */,
			);
			path = Cells;
			sourceTree = "<group>";
		};
		6454A70E241CF6560007C965 /* Screens */ = {
			isa = PBXGroup;
			children = (
				6454A715241CFAE60007C965 /* TransactionsListViewController.swift */,
				643F403424220BCB0009B4FB /* AddTransactionViewController.swift */,
			);
			path = Screens;
			sourceTree = "<group>";
		};
		6454A70F241CF6720007C965 /* Components */ = {
			isa = PBXGroup;
			children = (
				64A07E282423D81F004EEE05 /* PickerViews */,
				64A07E172422A46D004EEE05 /* Headers */,
				6454A70D241CF5450007C965 /* Cells */,
				6454A70C241CF5340007C965 /* Views */,
			);
			path = Components;
			sourceTree = "<group>";
		};
		6454A711241CF7510007C965 /* Repositories */ = {
			isa = PBXGroup;
			children = (
				64A07E1E2423784F004EEE05 /* Repository.swift */,
				64A07E2024237875004EEE05 /* AccountDataRepository.swift */,
			);
			path = Repositories;
			sourceTree = "<group>";
		};
		6454A712241CF7700007C965 /* Routers */ = {
			isa = PBXGroup;
			children = (
				6454A721241D035E0007C965 /* TransactionsListRouter.swift */,
				643F403624220C190009B4FB /* AddTransactionRouter.swift */,
			);
			path = Routers;
			sourceTree = "<group>";
		};
		6454A713241CF7E90007C965 /* Resources */ = {
			isa = PBXGroup;
			children = (
				6454A6E4241CF3240007C965 /* Assets.xcassets */,
				6454A6E6241CF3240007C965 /* LaunchScreen.storyboard */,
				6454A6E9241CF3240007C965 /* Info.plist */,
			);
			path = Resources;
			sourceTree = "<group>";
		};
		6454A714241CF8560007C965 /* CoreData */ = {
			isa = PBXGroup;
			children = (
				6454A6E1241CF31F0007C965 /* SilvertoursChallenge.xcdatamodeld */,
			);
			path = CoreData;
			sourceTree = "<group>";
		};
		6454A717241CFB480007C965 /* Presenters */ = {
			isa = PBXGroup;
			children = (
				6454A718241CFB6B0007C965 /* TransactionsListPresenter.swift */,
				64A07E1324228D98004EEE05 /* AddTransactionPresenter.swift */,
			);
			path = Presenters;
			sourceTree = "<group>";
		};
		6454A71A241D01780007C965 /* Interactors */ = {
			isa = PBXGroup;
			children = (
				6454A71D241D01CD0007C965 /* TransactionsListInteractor.swift */,
				64A07E1524228DB8004EEE05 /* AddTransactionInteractor.swift */,
			);
			path = Interactors;
			sourceTree = "<group>";
		};
		6454A724241D08A50007C965 /* Data */ = {
			isa = PBXGroup;
			children = (
				6454A725241D08B70007C965 /* Models */,
				6454A714241CF8560007C965 /* CoreData */,
			);
			path = Data;
			sourceTree = "<group>";
		};
		6454A725241D08B70007C965 /* Models */ = {
			isa = PBXGroup;
			children = (
				64A07E22242385D9004EEE05 /* Account.swift */,
				64A07E242423861C004EEE05 /* Transaction.swift */,
				64A07E2624238B70004EEE05 /* Category.swift */,
			);
			path = Models;
			sourceTree = "<group>";
		};
		64A07E172422A46D004EEE05 /* Headers */ = {
			isa = PBXGroup;
			children = (
				64A07E182422A4D8004EEE05 /* TransactionHeaderView.swift */,
			);
			path = Headers;
			sourceTree = "<group>";
		};
		64A07E282423D81F004EEE05 /* PickerViews */ = {
			isa = PBXGroup;
			children = (
				64A07E292423D84E004EEE05 /* TransactionsPickerView.swift */,
			);
			path = PickerViews;
			sourceTree = "<group>";
		};
/* End PBXGroup section */

/* Begin PBXNativeTarget section */
		6454A6D4241CF31F0007C965 /* SilvertoursChallenge */ = {
			isa = PBXNativeTarget;
			buildConfigurationList = 6454A702241CF3240007C965 /* Build configuration list for PBXNativeTarget "SilvertoursChallenge" */;
			buildPhases = (
				6454A6D1241CF31F0007C965 /* Sources */,
				6454A6D2241CF31F0007C965 /* Frameworks */,
				6454A6D3241CF31F0007C965 /* Resources */,
			);
			buildRules = (
			);
			dependencies = (
			);
			name = SilvertoursChallenge;
			productName = SilvertoursChallenge;
			productReference = 6454A6D5241CF31F0007C965 /* SilvertoursChallenge.app */;
			productType = "com.apple.product-type.application";
		};
		6454A6ED241CF3240007C965 /* SilvertoursChallengeTests */ = {
			isa = PBXNativeTarget;
			buildConfigurationList = 6454A705241CF3240007C965 /* Build configuration list for PBXNativeTarget "SilvertoursChallengeTests" */;
			buildPhases = (
				6454A6EA241CF3240007C965 /* Sources */,
				6454A6EB241CF3240007C965 /* Frameworks */,
				6454A6EC241CF3240007C965 /* Resources */,
			);
			buildRules = (
			);
			dependencies = (
				6454A6F0241CF3240007C965 /* PBXTargetDependency */,
			);
			name = SilvertoursChallengeTests;
			productName = SilvertoursChallengeTests;
			productReference = 6454A6EE241CF3240007C965 /* SilvertoursChallengeTests.xctest */;
			productType = "com.apple.product-type.bundle.unit-test";
		};
		6454A6F8241CF3240007C965 /* SilvertoursChallengeUITests */ = {
			isa = PBXNativeTarget;
			buildConfigurationList = 6454A708241CF3240007C965 /* Build configuration list for PBXNativeTarget "SilvertoursChallengeUITests" */;
			buildPhases = (
				6454A6F5241CF3240007C965 /* Sources */,
				6454A6F6241CF3240007C965 /* Frameworks */,
				6454A6F7241CF3240007C965 /* Resources */,
			);
			buildRules = (
			);
			dependencies = (
				6454A6FB241CF3240007C965 /* PBXTargetDependency */,
			);
			name = SilvertoursChallengeUITests;
			productName = SilvertoursChallengeUITests;
			productReference = 6454A6F9241CF3240007C965 /* SilvertoursChallengeUITests.xctest */;
			productType = "com.apple.product-type.bundle.ui-testing";
		};
/* End PBXNativeTarget section */

/* Begin PBXProject section */
		6454A6CD241CF31F0007C965 /* Project object */ = {
			isa = PBXProject;
			attributes = {
				LastSwiftUpdateCheck = 1130;
				LastUpgradeCheck = 1130;
				ORGANIZATIONNAME = "Mario Sevilla Montoya";
				TargetAttributes = {
					6454A6D4241CF31F0007C965 = {
						CreatedOnToolsVersion = 11.3.1;
					};
					6454A6ED241CF3240007C965 = {
						CreatedOnToolsVersion = 11.3.1;
						TestTargetID = 6454A6D4241CF31F0007C965;
					};
					6454A6F8241CF3240007C965 = {
						CreatedOnToolsVersion = 11.3.1;
						TestTargetID = 6454A6D4241CF31F0007C965;
					};
				};
			};
			buildConfigurationList = 6454A6D0241CF31F0007C965 /* Build configuration list for PBXProject "SilvertoursChallenge" */;
			compatibilityVersion = "Xcode 9.3";
			developmentRegion = en;
			hasScannedForEncodings = 0;
			knownRegions = (
				en,
				Base,
			);
			mainGroup = 6454A6CC241CF31F0007C965;
			productRefGroup = 6454A6D6241CF31F0007C965 /* Products */;
			projectDirPath = "";
			projectRoot = "";
			targets = (
				6454A6D4241CF31F0007C965 /* SilvertoursChallenge */,
				6454A6ED241CF3240007C965 /* SilvertoursChallengeTests */,
				6454A6F8241CF3240007C965 /* SilvertoursChallengeUITests */,
			);
		};
/* End PBXProject section */

/* Begin PBXResourcesBuildPhase section */
		6454A6D3241CF31F0007C965 /* Resources */ = {
			isa = PBXResourcesBuildPhase;
			buildActionMask = 2147483647;
			files = (
				6454A6E8241CF3240007C965 /* LaunchScreen.storyboard in Resources */,
				6454A6E5241CF3240007C965 /* Assets.xcassets in Resources */,
			);
			runOnlyForDeploymentPostprocessing = 0;
		};
		6454A6EC241CF3240007C965 /* Resources */ = {
			isa = PBXResourcesBuildPhase;
			buildActionMask = 2147483647;
			files = (
			);
			runOnlyForDeploymentPostprocessing = 0;
		};
		6454A6F7241CF3240007C965 /* Resources */ = {
			isa = PBXResourcesBuildPhase;
			buildActionMask = 2147483647;
			files = (
			);
			runOnlyForDeploymentPostprocessing = 0;
		};
/* End PBXResourcesBuildPhase section */

/* Begin PBXSourcesBuildPhase section */
		6454A6D1241CF31F0007C965 /* Sources */ = {
			isa = PBXSourcesBuildPhase;
			buildActionMask = 2147483647;
			files = (
				64A07E1424228D98004EEE05 /* AddTransactionPresenter.swift in Sources */,
				6454A6D9241CF31F0007C965 /* AppDelegate.swift in Sources */,
				64A07E2124237875004EEE05 /* AccountDataRepository.swift in Sources */,
				6454A719241CFB6B0007C965 /* TransactionsListPresenter.swift in Sources */,
				6454A729241D4A6A0007C965 /* TransactionTableViewCell.swift in Sources */,
				64A07E23242385D9004EEE05 /* Account.swift in Sources */,
				6454A6E3241CF31F0007C965 /* SilvertoursChallenge.xcdatamodeld in Sources */,
				6454A722241D035E0007C965 /* TransactionsListRouter.swift in Sources */,
				64A07E192422A4D8004EEE05 /* TransactionHeaderView.swift in Sources */,
				64A07E1B2422DD30004EEE05 /* AddTransactionView.swift in Sources */,
				643F403724220C190009B4FB /* AddTransactionRouter.swift in Sources */,
				64A07E2724238B70004EEE05 /* Category.swift in Sources */,
				64A07E252423861C004EEE05 /* Transaction.swift in Sources */,
				6454A71E241D01CD0007C965 /* TransactionsListInteractor.swift in Sources */,
				64A07E1D2422E191004EEE05 /* TransactionsListTableView.swift in Sources */,
				64A07E1F2423784F004EEE05 /* Repository.swift in Sources */,
				643F403524220BCB0009B4FB /* AddTransactionViewController.swift in Sources */,
				64A07E2A2423D84E004EEE05 /* TransactionsPickerView.swift in Sources */,
				6454A716241CFAE60007C965 /* TransactionsListViewController.swift in Sources */,
				6454A72B241D5B120007C965 /* SceneDelegate.swift in Sources */,
				64A07E1624228DB8004EEE05 /* AddTransactionInteractor.swift in Sources */,
			);
			runOnlyForDeploymentPostprocessing = 0;
		};
		6454A6EA241CF3240007C965 /* Sources */ = {
			isa = PBXSourcesBuildPhase;
			buildActionMask = 2147483647;
			files = (
				6454A6F3241CF3240007C965 /* TransactionsListModuleTests.swift in Sources */,
			);
			runOnlyForDeploymentPostprocessing = 0;
		};
		6454A6F5241CF3240007C965 /* Sources */ = {
			isa = PBXSourcesBuildPhase;
			buildActionMask = 2147483647;
			files = (
			);
			runOnlyForDeploymentPostprocessing = 0;
		};
/* End PBXSourcesBuildPhase section */

/* Begin PBXTargetDependency section */
		6454A6F0241CF3240007C965 /* PBXTargetDependency */ = {
			isa = PBXTargetDependency;
			target = 6454A6D4241CF31F0007C965 /* SilvertoursChallenge */;
			targetProxy = 6454A6EF241CF3240007C965 /* PBXContainerItemProxy */;
		};
		6454A6FB241CF3240007C965 /* PBXTargetDependency */ = {
			isa = PBXTargetDependency;
			target = 6454A6D4241CF31F0007C965 /* SilvertoursChallenge */;
			targetProxy = 6454A6FA241CF3240007C965 /* PBXContainerItemProxy */;
		};
/* End PBXTargetDependency section */

/* Begin PBXVariantGroup section */
		6454A6E6241CF3240007C965 /* LaunchScreen.storyboard */ = {
			isa = PBXVariantGroup;
			children = (
				6454A6E7241CF3240007C965 /* Base */,
			);
			name = LaunchScreen.storyboard;
			sourceTree = "<group>";
		};
/* End PBXVariantGroup section */

/* Begin XCBuildConfiguration section */
		6454A700241CF3240007C965 /* Debug */ = {
			isa = XCBuildConfiguration;
			buildSettings = {
				ALWAYS_SEARCH_USER_PATHS = NO;
				CLANG_ANALYZER_NONNULL = YES;
				CLANG_ANALYZER_NUMBER_OBJECT_CONVERSION = YES_AGGRESSIVE;
				CLANG_CXX_LANGUAGE_STANDARD = "gnu++14";
				CLANG_CXX_LIBRARY = "libc++";
				CLANG_ENABLE_MODULES = YES;
				CLANG_ENABLE_OBJC_ARC = YES;
				CLANG_ENABLE_OBJC_WEAK = YES;
				CLANG_WARN_BLOCK_CAPTURE_AUTORELEASING = YES;
				CLANG_WARN_BOOL_CONVERSION = YES;
				CLANG_WARN_COMMA = YES;
				CLANG_WARN_CONSTANT_CONVERSION = YES;
				CLANG_WARN_DEPRECATED_OBJC_IMPLEMENTATIONS = YES;
				CLANG_WARN_DIRECT_OBJC_ISA_USAGE = YES_ERROR;
				CLANG_WARN_DOCUMENTATION_COMMENTS = YES;
				CLANG_WARN_EMPTY_BODY = YES;
				CLANG_WARN_ENUM_CONVERSION = YES;
				CLANG_WARN_INFINITE_RECURSION = YES;
				CLANG_WARN_INT_CONVERSION = YES;
				CLANG_WARN_NON_LITERAL_NULL_CONVERSION = YES;
				CLANG_WARN_OBJC_IMPLICIT_RETAIN_SELF = YES;
				CLANG_WARN_OBJC_LITERAL_CONVERSION = YES;
				CLANG_WARN_OBJC_ROOT_CLASS = YES_ERROR;
				CLANG_WARN_RANGE_LOOP_ANALYSIS = YES;
				CLANG_WARN_STRICT_PROTOTYPES = YES;
				CLANG_WARN_SUSPICIOUS_MOVE = YES;
				CLANG_WARN_UNGUARDED_AVAILABILITY = YES_AGGRESSIVE;
				CLANG_WARN_UNREACHABLE_CODE = YES;
				CLANG_WARN__DUPLICATE_METHOD_MATCH = YES;
				COPY_PHASE_STRIP = NO;
				DEBUG_INFORMATION_FORMAT = dwarf;
				ENABLE_STRICT_OBJC_MSGSEND = YES;
				ENABLE_TESTABILITY = YES;
				GCC_C_LANGUAGE_STANDARD = gnu11;
				GCC_DYNAMIC_NO_PIC = NO;
				GCC_NO_COMMON_BLOCKS = YES;
				GCC_OPTIMIZATION_LEVEL = 0;
				GCC_PREPROCESSOR_DEFINITIONS = (
					"DEBUG=1",
					"$(inherited)",
				);
				GCC_WARN_64_TO_32_BIT_CONVERSION = YES;
				GCC_WARN_ABOUT_RETURN_TYPE = YES_ERROR;
				GCC_WARN_UNDECLARED_SELECTOR = YES;
				GCC_WARN_UNINITIALIZED_AUTOS = YES_AGGRESSIVE;
				GCC_WARN_UNUSED_FUNCTION = YES;
				GCC_WARN_UNUSED_VARIABLE = YES;
				IPHONEOS_DEPLOYMENT_TARGET = 13.2;
				MTL_ENABLE_DEBUG_INFO = INCLUDE_SOURCE;
				MTL_FAST_MATH = YES;
				ONLY_ACTIVE_ARCH = YES;
				SDKROOT = iphoneos;
				SWIFT_ACTIVE_COMPILATION_CONDITIONS = DEBUG;
				SWIFT_OPTIMIZATION_LEVEL = "-Onone";
			};
			name = Debug;
		};
		6454A701241CF3240007C965 /* Release */ = {
			isa = XCBuildConfiguration;
			buildSettings = {
				ALWAYS_SEARCH_USER_PATHS = NO;
				CLANG_ANALYZER_NONNULL = YES;
				CLANG_ANALYZER_NUMBER_OBJECT_CONVERSION = YES_AGGRESSIVE;
				CLANG_CXX_LANGUAGE_STANDARD = "gnu++14";
				CLANG_CXX_LIBRARY = "libc++";
				CLANG_ENABLE_MODULES = YES;
				CLANG_ENABLE_OBJC_ARC = YES;
				CLANG_ENABLE_OBJC_WEAK = YES;
				CLANG_WARN_BLOCK_CAPTURE_AUTORELEASING = YES;
				CLANG_WARN_BOOL_CONVERSION = YES;
				CLANG_WARN_COMMA = YES;
				CLANG_WARN_CONSTANT_CONVERSION = YES;
				CLANG_WARN_DEPRECATED_OBJC_IMPLEMENTATIONS = YES;
				CLANG_WARN_DIRECT_OBJC_ISA_USAGE = YES_ERROR;
				CLANG_WARN_DOCUMENTATION_COMMENTS = YES;
				CLANG_WARN_EMPTY_BODY = YES;
				CLANG_WARN_ENUM_CONVERSION = YES;
				CLANG_WARN_INFINITE_RECURSION = YES;
				CLANG_WARN_INT_CONVERSION = YES;
				CLANG_WARN_NON_LITERAL_NULL_CONVERSION = YES;
				CLANG_WARN_OBJC_IMPLICIT_RETAIN_SELF = YES;
				CLANG_WARN_OBJC_LITERAL_CONVERSION = YES;
				CLANG_WARN_OBJC_ROOT_CLASS = YES_ERROR;
				CLANG_WARN_RANGE_LOOP_ANALYSIS = YES;
				CLANG_WARN_STRICT_PROTOTYPES = YES;
				CLANG_WARN_SUSPICIOUS_MOVE = YES;
				CLANG_WARN_UNGUARDED_AVAILABILITY = YES_AGGRESSIVE;
				CLANG_WARN_UNREACHABLE_CODE = YES;
				CLANG_WARN__DUPLICATE_METHOD_MATCH = YES;
				COPY_PHASE_STRIP = NO;
				DEBUG_INFORMATION_FORMAT = "dwarf-with-dsym";
				ENABLE_NS_ASSERTIONS = NO;
				ENABLE_STRICT_OBJC_MSGSEND = YES;
				GCC_C_LANGUAGE_STANDARD = gnu11;
				GCC_NO_COMMON_BLOCKS = YES;
				GCC_WARN_64_TO_32_BIT_CONVERSION = YES;
				GCC_WARN_ABOUT_RETURN_TYPE = YES_ERROR;
				GCC_WARN_UNDECLARED_SELECTOR = YES;
				GCC_WARN_UNINITIALIZED_AUTOS = YES_AGGRESSIVE;
				GCC_WARN_UNUSED_FUNCTION = YES;
				GCC_WARN_UNUSED_VARIABLE = YES;
				IPHONEOS_DEPLOYMENT_TARGET = 13.2;
				MTL_ENABLE_DEBUG_INFO = NO;
				MTL_FAST_MATH = YES;
				SDKROOT = iphoneos;
				SWIFT_COMPILATION_MODE = wholemodule;
				SWIFT_OPTIMIZATION_LEVEL = "-O";
				VALIDATE_PRODUCT = YES;
			};
			name = Release;
		};
		6454A703241CF3240007C965 /* Debug */ = {
			isa = XCBuildConfiguration;
			buildSettings = {
				ASSETCATALOG_COMPILER_APPICON_NAME = AppIcon;
				CODE_SIGN_STYLE = Automatic;
				DEVELOPMENT_TEAM = CN35U97J4A;
				INFOPLIST_FILE = SilvertoursChallenge/Resources/Info.plist;
				LD_RUNPATH_SEARCH_PATHS = (
					"$(inherited)",
					"@executable_path/Frameworks",
				);
				PRODUCT_BUNDLE_IDENTIFIER = es.mariosevilla.SilvertoursChallenge;
				PRODUCT_NAME = "$(TARGET_NAME)";
				SWIFT_VERSION = 5.0;
				TARGETED_DEVICE_FAMILY = "1,2";
			};
			name = Debug;
		};
		6454A704241CF3240007C965 /* Release */ = {
			isa = XCBuildConfiguration;
			buildSettings = {
				ASSETCATALOG_COMPILER_APPICON_NAME = AppIcon;
				CODE_SIGN_STYLE = Automatic;
				DEVELOPMENT_TEAM = CN35U97J4A;
				INFOPLIST_FILE = SilvertoursChallenge/Resources/Info.plist;
				LD_RUNPATH_SEARCH_PATHS = (
					"$(inherited)",
					"@executable_path/Frameworks",
				);
				PRODUCT_BUNDLE_IDENTIFIER = es.mariosevilla.SilvertoursChallenge;
				PRODUCT_NAME = "$(TARGET_NAME)";
				SWIFT_VERSION = 5.0;
				TARGETED_DEVICE_FAMILY = "1,2";
			};
			name = Release;
		};
		6454A706241CF3240007C965 /* Debug */ = {
			isa = XCBuildConfiguration;
			buildSettings = {
				ALWAYS_EMBED_SWIFT_STANDARD_LIBRARIES = YES;
				BUNDLE_LOADER = "$(TEST_HOST)";
				CODE_SIGN_STYLE = Automatic;
				DEVELOPMENT_TEAM = CN35U97J4A;
				INFOPLIST_FILE = SilvertoursChallengeTests/Info.plist;
				IPHONEOS_DEPLOYMENT_TARGET = 13.2;
				LD_RUNPATH_SEARCH_PATHS = (
					"$(inherited)",
					"@executable_path/Frameworks",
					"@loader_path/Frameworks",
				);
				PRODUCT_BUNDLE_IDENTIFIER = es.mariosevilla.SilvertoursChallengeTests;
				PRODUCT_NAME = "$(TARGET_NAME)";
				SWIFT_VERSION = 5.0;
				TARGETED_DEVICE_FAMILY = "1,2";
				TEST_HOST = "$(BUILT_PRODUCTS_DIR)/SilvertoursChallenge.app/SilvertoursChallenge";
			};
			name = Debug;
		};
		6454A707241CF3240007C965 /* Release */ = {
			isa = XCBuildConfiguration;
			buildSettings = {
				ALWAYS_EMBED_SWIFT_STANDARD_LIBRARIES = YES;
				BUNDLE_LOADER = "$(TEST_HOST)";
				CODE_SIGN_STYLE = Automatic;
				DEVELOPMENT_TEAM = CN35U97J4A;
				INFOPLIST_FILE = SilvertoursChallengeTests/Info.plist;
				IPHONEOS_DEPLOYMENT_TARGET = 13.2;
				LD_RUNPATH_SEARCH_PATHS = (
					"$(inherited)",
					"@executable_path/Frameworks",
					"@loader_path/Frameworks",
				);
				PRODUCT_BUNDLE_IDENTIFIER = es.mariosevilla.SilvertoursChallengeTests;
				PRODUCT_NAME = "$(TARGET_NAME)";
				SWIFT_VERSION = 5.0;
				TARGETED_DEVICE_FAMILY = "1,2";
				TEST_HOST = "$(BUILT_PRODUCTS_DIR)/SilvertoursChallenge.app/SilvertoursChallenge";
			};
			name = Release;
		};
		6454A709241CF3240007C965 /* Debug */ = {
			isa = XCBuildConfiguration;
			buildSettings = {
				ALWAYS_EMBED_SWIFT_STANDARD_LIBRARIES = YES;
				CODE_SIGN_STYLE = Automatic;
				DEVELOPMENT_TEAM = CN35U97J4A;
				INFOPLIST_FILE = SilvertoursChallengeUITests/Info.plist;
				LD_RUNPATH_SEARCH_PATHS = (
					"$(inherited)",
					"@executable_path/Frameworks",
					"@loader_path/Frameworks",
				);
				PRODUCT_BUNDLE_IDENTIFIER = es.mariosevilla.SilvertoursChallengeUITests;
				PRODUCT_NAME = "$(TARGET_NAME)";
				SWIFT_VERSION = 5.0;
				TARGETED_DEVICE_FAMILY = "1,2";
				TEST_TARGET_NAME = SilvertoursChallenge;
			};
			name = Debug;
		};
		6454A70A241CF3240007C965 /* Release */ = {
			isa = XCBuildConfiguration;
			buildSettings = {
				ALWAYS_EMBED_SWIFT_STANDARD_LIBRARIES = YES;
				CODE_SIGN_STYLE = Automatic;
				DEVELOPMENT_TEAM = CN35U97J4A;
				INFOPLIST_FILE = SilvertoursChallengeUITests/Info.plist;
				LD_RUNPATH_SEARCH_PATHS = (
					"$(inherited)",
					"@executable_path/Frameworks",
					"@loader_path/Frameworks",
				);
				PRODUCT_BUNDLE_IDENTIFIER = es.mariosevilla.SilvertoursChallengeUITests;
				PRODUCT_NAME = "$(TARGET_NAME)";
				SWIFT_VERSION = 5.0;
				TARGETED_DEVICE_FAMILY = "1,2";
				TEST_TARGET_NAME = SilvertoursChallenge;
			};
			name = Release;
		};
/* End XCBuildConfiguration section */

/* Begin XCConfigurationList section */
		6454A6D0241CF31F0007C965 /* Build configuration list for PBXProject "SilvertoursChallenge" */ = {
			isa = XCConfigurationList;
			buildConfigurations = (
				6454A700241CF3240007C965 /* Debug */,
				6454A701241CF3240007C965 /* Release */,
			);
			defaultConfigurationIsVisible = 0;
			defaultConfigurationName = Release;
		};
		6454A702241CF3240007C965 /* Build configuration list for PBXNativeTarget "SilvertoursChallenge" */ = {
			isa = XCConfigurationList;
			buildConfigurations = (
				6454A703241CF3240007C965 /* Debug */,
				6454A704241CF3240007C965 /* Release */,
			);
			defaultConfigurationIsVisible = 0;
			defaultConfigurationName = Release;
		};
		6454A705241CF3240007C965 /* Build configuration list for PBXNativeTarget "SilvertoursChallengeTests" */ = {
			isa = XCConfigurationList;
			buildConfigurations = (
				6454A706241CF3240007C965 /* Debug */,
				6454A707241CF3240007C965 /* Release */,
			);
			defaultConfigurationIsVisible = 0;
			defaultConfigurationName = Release;
		};
		6454A708241CF3240007C965 /* Build configuration list for PBXNativeTarget "SilvertoursChallengeUITests" */ = {
			isa = XCConfigurationList;
			buildConfigurations = (
				6454A709241CF3240007C965 /* Debug */,
				6454A70A241CF3240007C965 /* Release */,
			);
			defaultConfigurationIsVisible = 0;
			defaultConfigurationName = Release;
		};
/* End XCConfigurationList section */

/* Begin XCVersionGroup section */
		6454A6E1241CF31F0007C965 /* SilvertoursChallenge.xcdatamodeld */ = {
			isa = XCVersionGroup;
			children = (
				6454A6E2241CF31F0007C965 /* SilvertoursChallenge.xcdatamodel */,
			);
			currentVersion = 6454A6E2241CF31F0007C965 /* SilvertoursChallenge.xcdatamodel */;
			path = SilvertoursChallenge.xcdatamodeld;
			sourceTree = "<group>";
			versionGroupType = wrapper.xcdatamodel;
		};
/* End XCVersionGroup section */
	};
	rootObject = 6454A6CD241CF31F0007C965 /* Project object */;
}
